
Microsoft Visual Studio Solution File, Format Version 12.00
# Visual Studio 15
VisualStudioVersion = 15.0.27703.2035
MinimumVisualStudioVersion = 10.0.40219.1
Project("{FAE04EC0-301F-11D3-BF4B-00C04F79EFBC}") = "MobRegPro", "MobRegPro\MobRegPro\MobRegPro.csproj", "{BF6B9D6A-A96E-4021-A204-FAFA1DC04B9D}"
EndProject
Project("{FAE04EC0-301F-11D3-BF4B-00C04F79EFBC}") = "MobRegPro.iOS", "MobRegPro\MobRegPro.iOS\MobRegPro.iOS.csproj", "{697D592A-F2C2-44ED-8418-B61FCF6323CB}"
EndProject
Project("{FAE04EC0-301F-11D3-BF4B-00C04F79EFBC}") = "RegServices", "RegServices\RegServices.csproj", "{67F9D3A8-F71E-4428-913F-C37AE82CDB24}"
EndProject
Project("{FAE04EC0-301F-11D3-BF4B-00C04F79EFBC}") = "WebApplication1", "WebApplication1\WebApplication1.csproj", "{03BEDB4E-435C-4735-A8A3-15168A8049AC}"
EndProject
Project("{FAE04EC0-301F-11D3-BF4B-00C04F79EFBC}") = "MobRegPro.Droid", "MobRegPro\MobRegPro.Droid\MobRegPro.Droid.csproj", "{46E38550-F275-4DC3-9B18-21186FA95112}"
EndProject
Project("{FAE04EC0-301F-11D3-BF4B-00C04F79EFBC}") = "MobRegPro.WinPhone", "MobRegPro\MobRegPro.WinPhone\MobRegPro.WinPhone.csproj", "{17AAB4B1-0E71-499F-925F-6EF8CB1A3F5A}"
EndProject
Global
	GlobalSection(SolutionConfigurationPlatforms) = preSolution
		Ad-Hoc|Any CPU = Ad-Hoc|Any CPU
		Ad-Hoc|ARM = Ad-Hoc|ARM
		Ad-Hoc|iPhone = Ad-Hoc|iPhone
		Ad-Hoc|iPhoneSimulator = Ad-Hoc|iPhoneSimulator
		Ad-Hoc|x86 = Ad-Hoc|x86
		AppStore|Any CPU = AppStore|Any CPU
		AppStore|ARM = AppStore|ARM
		AppStore|iPhone = AppStore|iPhone
		AppStore|iPhoneSimulator = AppStore|iPhoneSimulator
		AppStore|x86 = AppStore|x86
		Debug|Any CPU = Debug|Any CPU
		Debug|ARM = Debug|ARM
		Debug|iPhone = Debug|iPhone
		Debug|iPhoneSimulator = Debug|iPhoneSimulator
		Debug|x86 = Debug|x86
		Release|Any CPU = Release|Any CPU
		Release|ARM = Release|ARM
		Release|iPhone = Release|iPhone
		Release|iPhoneSimulator = Release|iPhoneSimulator
		Release|x86 = Release|x86
	EndGlobalSection
	GlobalSection(ProjectConfigurationPlatforms) = postSolution
		{BF6B9D6A-A96E-4021-A204-FAFA1DC04B9D}.Ad-Hoc|Any CPU.ActiveCfg = Release|Any CPU
		{BF6B9D6A-A96E-4021-A204-FAFA1DC04B9D}.Ad-Hoc|Any CPU.Build.0 = Release|Any CPU
		{BF6B9D6A-A96E-4021-A204-FAFA1DC04B9D}.Ad-Hoc|ARM.ActiveCfg = Release|Any CPU
		{BF6B9D6A-A96E-4021-A204-FAFA1DC04B9D}.Ad-Hoc|ARM.Build.0 = Release|Any CPU
		{BF6B9D6A-A96E-4021-A204-FAFA1DC04B9D}.Ad-Hoc|iPhone.ActiveCfg = Release|Any CPU
		{BF6B9D6A-A96E-4021-A204-FAFA1DC04B9D}.Ad-Hoc|iPhone.Build.0 = Release|Any CPU
		{BF6B9D6A-A96E-4021-A204-FAFA1DC04B9D}.Ad-Hoc|iPhoneSimulator.ActiveCfg = Release|Any CPU
		{BF6B9D6A-A96E-4021-A204-FAFA1DC04B9D}.Ad-Hoc|iPhoneSimulator.Build.0 = Release|Any CPU
		{BF6B9D6A-A96E-4021-A204-FAFA1DC04B9D}.Ad-Hoc|x86.ActiveCfg = Release|Any CPU
		{BF6B9D6A-A96E-4021-A204-FAFA1DC04B9D}.Ad-Hoc|x86.Build.0 = Release|Any CPU
		{BF6B9D6A-A96E-4021-A204-FAFA1DC04B9D}.AppStore|Any CPU.ActiveCfg = Release|Any CPU
		{BF6B9D6A-A96E-4021-A204-FAFA1DC04B9D}.AppStore|Any CPU.Build.0 = Release|Any CPU
		{BF6B9D6A-A96E-4021-A204-FAFA1DC04B9D}.AppStore|ARM.ActiveCfg = Release|Any CPU
		{BF6B9D6A-A96E-4021-A204-FAFA1DC04B9D}.AppStore|ARM.Build.0 = Release|Any CPU
		{BF6B9D6A-A96E-4021-A204-FAFA1DC04B9D}.AppStore|iPhone.ActiveCfg = Release|Any CPU
		{BF6B9D6A-A96E-4021-A204-FAFA1DC04B9D}.AppStore|iPhone.Build.0 = Release|Any CPU
		{BF6B9D6A-A96E-4021-A204-FAFA1DC04B9D}.AppStore|iPhoneSimulator.ActiveCfg = Release|Any CPU
		{BF6B9D6A-A96E-4021-A204-FAFA1DC04B9D}.AppStore|iPhoneSimulator.Build.0 = Release|Any CPU
		{BF6B9D6A-A96E-4021-A204-FAFA1DC04B9D}.AppStore|x86.ActiveCfg = Release|Any CPU
		{BF6B9D6A-A96E-4021-A204-FAFA1DC04B9D}.AppStore|x86.Build.0 = Release|Any CPU
		{BF6B9D6A-A96E-4021-A204-FAFA1DC04B9D}.Debug|Any CPU.ActiveCfg = Debug|Any CPU
		{BF6B9D6A-A96E-4021-A204-FAFA1DC04B9D}.Debug|Any CPU.Build.0 = Debug|Any CPU
		{BF6B9D6A-A96E-4021-A204-FAFA1DC04B9D}.Debug|ARM.ActiveCfg = Debug|Any CPU
		{BF6B9D6A-A96E-4021-A204-FAFA1DC04B9D}.Debug|ARM.Build.0 = Debug|Any CPU
		{BF6B9D6A-A96E-4021-A204-FAFA1DC04B9D}.Debug|iPhone.ActiveCfg = Debug|Any CPU
		{BF6B9D6A-A96E-4021-A204-FAFA1DC04B9D}.Debug|iPhone.Build.0 = Debug|Any CPU
		{BF6B9D6A-A96E-4021-A204-FAFA1DC04B9D}.Debug|iPhoneSimulator.ActiveCfg = Debug|Any CPU
		{BF6B9D6A-A96E-4021-A204-FAFA1DC04B9D}.Debug|iPhoneSimulator.Build.0 = Debug|Any CPU
		{BF6B9D6A-A96E-4021-A204-FAFA1DC04B9D}.Debug|x86.ActiveCfg = Debug|Any CPU
		{BF6B9D6A-A96E-4021-A204-FAFA1DC04B9D}.Debug|x86.Build.0 = Debug|Any CPU
		{BF6B9D6A-A96E-4021-A204-FAFA1DC04B9D}.Release|Any CPU.ActiveCfg = Release|Any CPU
		{BF6B9D6A-A96E-4021-A204-FAFA1DC04B9D}.Release|Any CPU.Build.0 = Release|Any CPU
		{BF6B9D6A-A96E-4021-A204-FAFA1DC04B9D}.Release|ARM.ActiveCfg = Release|Any CPU
		{BF6B9D6A-A96E-4021-A204-FAFA1DC04B9D}.Release|ARM.Build.0 = Release|Any CPU
		{BF6B9D6A-A96E-4021-A204-FAFA1DC04B9D}.Release|iPhone.ActiveCfg = Release|Any CPU
		{BF6B9D6A-A96E-4021-A204-FAFA1DC04B9D}.Release|iPhone.Build.0 = Release|Any CPU
		{BF6B9D6A-A96E-4021-A204-FAFA1DC04B9D}.Release|iPhoneSimulator.ActiveCfg = Release|Any CPU
		{BF6B9D6A-A96E-4021-A204-FAFA1DC04B9D}.Release|iPhoneSimulator.Build.0 = Release|Any CPU
		{BF6B9D6A-A96E-4021-A204-FAFA1DC04B9D}.Release|x86.ActiveCfg = Release|Any CPU
		{BF6B9D6A-A96E-4021-A204-FAFA1DC04B9D}.Release|x86.Build.0 = Release|Any CPU
		{697D592A-F2C2-44ED-8418-B61FCF6323CB}.Ad-Hoc|Any CPU.ActiveCfg = Ad-Hoc|iPhone
		{697D592A-F2C2-44ED-8418-B61FCF6323CB}.Ad-Hoc|ARM.ActiveCfg = Ad-Hoc|iPhone
		{697D592A-F2C2-44ED-8418-B61FCF6323CB}.Ad-Hoc|iPhone.ActiveCfg = Ad-Hoc|iPhone
		{697D592A-F2C2-44ED-8418-B61FCF6323CB}.Ad-Hoc|iPhone.Build.0 = Ad-Hoc|iPhone
		{697D592A-F2C2-44ED-8418-B61FCF6323CB}.Ad-Hoc|iPhoneSimulator.ActiveCfg = Ad-Hoc|iPhoneSimulator
		{697D592A-F2C2-44ED-8418-B61FCF6323CB}.Ad-Hoc|iPhoneSimulator.Build.0 = Ad-Hoc|iPhoneSimulator
		{697D592A-F2C2-44ED-8418-B61FCF6323CB}.Ad-Hoc|x86.ActiveCfg = Ad-Hoc|iPhone
		{697D592A-F2C2-44ED-8418-B61FCF6323CB}.AppStore|Any CPU.ActiveCfg = AppStore|iPhone
		{697D592A-F2C2-44ED-8418-B61FCF6323CB}.AppStore|ARM.ActiveCfg = AppStore|iPhone
		{697D592A-F2C2-44ED-8418-B61FCF6323CB}.AppStore|iPhone.ActiveCfg = AppStore|iPhone
		{697D592A-F2C2-44ED-8418-B61FCF6323CB}.AppStore|iPhone.Build.0 = AppStore|iPhone
		{697D592A-F2C2-44ED-8418-B61FCF6323CB}.AppStore|iPhoneSimulator.ActiveCfg = AppStore|iPhoneSimulator
		{697D592A-F2C2-44ED-8418-B61FCF6323CB}.AppStore|iPhoneSimulator.Build.0 = AppStore|iPhoneSimulator
		{697D592A-F2C2-44ED-8418-B61FCF6323CB}.AppStore|x86.ActiveCfg = AppStore|iPhone
		{697D592A-F2C2-44ED-8418-B61FCF6323CB}.Debug|Any CPU.ActiveCfg = Debug|iPhone
		{697D592A-F2C2-44ED-8418-B61FCF6323CB}.Debug|ARM.ActiveCfg = Debug|iPhone
		{697D592A-F2C2-44ED-8418-B61FCF6323CB}.Debug|iPhone.ActiveCfg = Debug|iPhone
		{697D592A-F2C2-44ED-8418-B61FCF6323CB}.Debug|iPhone.Build.0 = Debug|iPhone
		{697D592A-F2C2-44ED-8418-B61FCF6323CB}.Debug|iPhoneSimulator.ActiveCfg = Debug|iPhoneSimulator
		{697D592A-F2C2-44ED-8418-B61FCF6323CB}.Debug|iPhoneSimulator.Build.0 = Debug|iPhoneSimulator
		{697D592A-F2C2-44ED-8418-B61FCF6323CB}.Debug|x86.ActiveCfg = Debug|iPhone
		{697D592A-F2C2-44ED-8418-B61FCF6323CB}.Release|Any CPU.ActiveCfg = Release|iPhone
		{697D592A-F2C2-44ED-8418-B61FCF6323CB}.Release|ARM.ActiveCfg = Release|iPhone
		{697D592A-F2C2-44ED-8418-B61FCF6323CB}.Release|iPhone.ActiveCfg = Release|iPhone
		{697D592A-F2C2-44ED-8418-B61FCF6323CB}.Release|iPhone.Build.0 = Release|iPhone
		{697D592A-F2C2-44ED-8418-B61FCF6323CB}.Release|iPhoneSimulator.ActiveCfg = Release|iPhoneSimulator
		{697D592A-F2C2-44ED-8418-B61FCF6323CB}.Release|iPhoneSimulator.Build.0 = Release|iPhoneSimulator
		{697D592A-F2C2-44ED-8418-B61FCF6323CB}.Release|x86.ActiveCfg = Release|iPhone
		{67F9D3A8-F71E-4428-913F-C37AE82CDB24}.Ad-Hoc|Any CPU.ActiveCfg = Release|Any CPU
		{67F9D3A8-F71E-4428-913F-C37AE82CDB24}.Ad-Hoc|Any CPU.Build.0 = Release|Any CPU
		{67F9D3A8-F71E-4428-913F-C37AE82CDB24}.Ad-Hoc|ARM.ActiveCfg = Release|Any CPU
		{67F9D3A8-F71E-4428-913F-C37AE82CDB24}.Ad-Hoc|ARM.Build.0 = Release|Any CPU
		{67F9D3A8-F71E-4428-913F-C37AE82CDB24}.Ad-Hoc|iPhone.ActiveCfg = Release|Any CPU
		{67F9D3A8-F71E-4428-913F-C37AE82CDB24}.Ad-Hoc|iPhone.Build.0 = Release|Any CPU
		{67F9D3A8-F71E-4428-913F-C37AE82CDB24}.Ad-Hoc|iPhoneSimulator.ActiveCfg = Release|Any CPU
		{67F9D3A8-F71E-4428-913F-C37AE82CDB24}.Ad-Hoc|iPhoneSimulator.Build.0 = Release|Any CPU
		{67F9D3A8-F71E-4428-913F-C37AE82CDB24}.Ad-Hoc|x86.ActiveCfg = Release|Any CPU
		{67F9D3A8-F71E-4428-913F-C37AE82CDB24}.Ad-Hoc|x86.Build.0 = Release|Any CPU
		{67F9D3A8-F71E-4428-913F-C37AE82CDB24}.AppStore|Any CPU.ActiveCfg = Release|Any CPU
		{67F9D3A8-F71E-4428-913F-C37AE82CDB24}.AppStore|Any CPU.Build.0 = Release|Any CPU
		{67F9D3A8-F71E-4428-913F-C37AE82CDB24}.AppStore|ARM.ActiveCfg = Release|Any CPU
		{67F9D3A8-F71E-4428-913F-C37AE82CDB24}.AppStore|ARM.Build.0 = Release|Any CPU
		{67F9D3A8-F71E-4428-913F-C37AE82CDB24}.AppStore|iPhone.ActiveCfg = Release|Any CPU
		{67F9D3A8-F71E-4428-913F-C37AE82CDB24}.AppStore|iPhone.Build.0 = Release|Any CPU
		{67F9D3A8-F71E-4428-913F-C37AE82CDB24}.AppStore|iPhoneSimulator.ActiveCfg = Release|Any CPU
		{67F9D3A8-F71E-4428-913F-C37AE82CDB24}.AppStore|iPhoneSimulator.Build.0 = Release|Any CPU
		{67F9D3A8-F71E-4428-913F-C37AE82CDB24}.AppStore|x86.ActiveCfg = Release|Any CPU
		{67F9D3A8-F71E-4428-913F-C37AE82CDB24}.AppStore|x86.Build.0 = Release|Any CPU
		{67F9D3A8-F71E-4428-913F-C37AE82CDB24}.Debug|Any CPU.ActiveCfg = Debug|Any CPU
		{67F9D3A8-F71E-4428-913F-C37AE82CDB24}.Debug|Any CPU.Build.0 = Debug|Any CPU
		{67F9D3A8-F71E-4428-913F-C37AE82CDB24}.Debug|ARM.ActiveCfg = Debug|Any CPU
		{67F9D3A8-F71E-4428-913F-C37AE82CDB24}.Debug|ARM.Build.0 = Debug|Any CPU
		{67F9D3A8-F71E-4428-913F-C37AE82CDB24}.Debug|iPhone.ActiveCfg = Debug|Any CPU
		{67F9D3A8-F71E-4428-913F-C37AE82CDB24}.Debug|iPhone.Build.0 = Debug|Any CPU
		{67F9D3A8-F71E-4428-913F-C37AE82CDB24}.Debug|iPhoneSimulator.ActiveCfg = Debug|Any CPU
		{67F9D3A8-F71E-4428-913F-C37AE82CDB24}.Debug|iPhoneSimulator.Build.0 = Debug|Any CPU
		{67F9D3A8-F71E-4428-913F-C37AE82CDB24}.Debug|x86.ActiveCfg = Debug|Any CPU
		{67F9D3A8-F71E-4428-913F-C37AE82CDB24}.Debug|x86.Build.0 = Debug|Any CPU
		{67F9D3A8-F71E-4428-913F-C37AE82CDB24}.Release|Any CPU.ActiveCfg = Release|Any CPU
		{67F9D3A8-F71E-4428-913F-C37AE82CDB24}.Release|Any CPU.Build.0 = Release|Any CPU
		{67F9D3A8-F71E-4428-913F-C37AE82CDB24}.Release|ARM.ActiveCfg = Release|Any CPU
		{67F9D3A8-F71E-4428-913F-C37AE82CDB24}.Release|ARM.Build.0 = Release|Any CPU
		{67F9D3A8-F71E-4428-913F-C37AE82CDB24}.Release|iPhone.ActiveCfg = Release|Any CPU
		{67F9D3A8-F71E-4428-913F-C37AE82CDB24}.Release|iPhone.Build.0 = Release|Any CPU
		{67F9D3A8-F71E-4428-913F-C37AE82CDB24}.Release|iPhoneSimulator.ActiveCfg = Release|Any CPU
		{67F9D3A8-F71E-4428-913F-C37AE82CDB24}.Release|iPhoneSimulator.Build.0 = Release|Any CPU
		{67F9D3A8-F71E-4428-913F-C37AE82CDB24}.Release|x86.ActiveCfg = Release|Any CPU
		{67F9D3A8-F71E-4428-913F-C37AE82CDB24}.Release|x86.Build.0 = Release|Any CPU
		{03BEDB4E-435C-4735-A8A3-15168A8049AC}.Ad-Hoc|Any CPU.ActiveCfg = Release|Any CPU
		{03BEDB4E-435C-4735-A8A3-15168A8049AC}.Ad-Hoc|Any CPU.Build.0 = Release|Any CPU
		{03BEDB4E-435C-4735-A8A3-15168A8049AC}.Ad-Hoc|ARM.ActiveCfg = Release|Any CPU
		{03BEDB4E-435C-4735-A8A3-15168A8049AC}.Ad-Hoc|ARM.Build.0 = Release|Any CPU
		{03BEDB4E-435C-4735-A8A3-15168A8049AC}.Ad-Hoc|iPhone.ActiveCfg = Release|Any CPU
		{03BEDB4E-435C-4735-A8A3-15168A8049AC}.Ad-Hoc|iPhone.Build.0 = Release|Any CPU
		{03BEDB4E-435C-4735-A8A3-15168A8049AC}.Ad-Hoc|iPhoneSimulator.ActiveCfg = Release|Any CPU
		{03BEDB4E-435C-4735-A8A3-15168A8049AC}.Ad-Hoc|iPhoneSimulator.Build.0 = Release|Any CPU
		{03BEDB4E-435C-4735-A8A3-15168A8049AC}.Ad-Hoc|x86.ActiveCfg = Release|Any CPU
		{03BEDB4E-435C-4735-A8A3-15168A8049AC}.Ad-Hoc|x86.Build.0 = Release|Any CPU
		{03BEDB4E-435C-4735-A8A3-15168A8049AC}.AppStore|Any CPU.ActiveCfg = Release|Any CPU
		{03BEDB4E-435C-4735-A8A3-15168A8049AC}.AppStore|Any CPU.Build.0 = Release|Any CPU
		{03BEDB4E-435C-4735-A8A3-15168A8049AC}.AppStore|ARM.ActiveCfg = Release|Any CPU
		{03BEDB4E-435C-4735-A8A3-15168A8049AC}.AppStore|ARM.Build.0 = Release|Any CPU
		{03BEDB4E-435C-4735-A8A3-15168A8049AC}.AppStore|iPhone.ActiveCfg = Release|Any CPU
		{03BEDB4E-435C-4735-A8A3-15168A8049AC}.AppStore|iPhone.Build.0 = Release|Any CPU
		{03BEDB4E-435C-4735-A8A3-15168A8049AC}.AppStore|iPhoneSimulator.ActiveCfg = Release|Any CPU
		{03BEDB4E-435C-4735-A8A3-15168A8049AC}.AppStore|iPhoneSimulator.Build.0 = Release|Any CPU
		{03BEDB4E-435C-4735-A8A3-15168A8049AC}.AppStore|x86.ActiveCfg = Release|Any CPU
		{03BEDB4E-435C-4735-A8A3-15168A8049AC}.AppStore|x86.Build.0 = Release|Any CPU
		{03BEDB4E-435C-4735-A8A3-15168A8049AC}.Debug|Any CPU.ActiveCfg = Debug|Any CPU
		{03BEDB4E-435C-4735-A8A3-15168A8049AC}.Debug|Any CPU.Build.0 = Debug|Any CPU
		{03BEDB4E-435C-4735-A8A3-15168A8049AC}.Debug|ARM.ActiveCfg = Debug|Any CPU
		{03BEDB4E-435C-4735-A8A3-15168A8049AC}.Debug|ARM.Build.0 = Debug|Any CPU
		{03BEDB4E-435C-4735-A8A3-15168A8049AC}.Debug|iPhone.ActiveCfg = Debug|Any CPU
		{03BEDB4E-435C-4735-A8A3-15168A8049AC}.Debug|iPhone.Build.0 = Debug|Any CPU
		{03BEDB4E-435C-4735-A8A3-15168A8049AC}.Debug|iPhoneSimulator.ActiveCfg = Debug|Any CPU
		{03BEDB4E-435C-4735-A8A3-15168A8049AC}.Debug|iPhoneSimulator.Build.0 = Debug|Any CPU
		{03BEDB4E-435C-4735-A8A3-15168A8049AC}.Debug|x86.ActiveCfg = Debug|Any CPU
		{03BEDB4E-435C-4735-A8A3-15168A8049AC}.Debug|x86.Build.0 = Debug|Any CPU
		{03BEDB4E-435C-4735-A8A3-15168A8049AC}.Release|Any CPU.ActiveCfg = Release|Any CPU
		{03BEDB4E-435C-4735-A8A3-15168A8049AC}.Release|Any CPU.Build.0 = Release|Any CPU
		{03BEDB4E-435C-4735-A8A3-15168A8049AC}.Release|ARM.ActiveCfg = Release|Any CPU
		{03BEDB4E-435C-4735-A8A3-15168A8049AC}.Release|ARM.Build.0 = Release|Any CPU
		{03BEDB4E-435C-4735-A8A3-15168A8049AC}.Release|iPhone.ActiveCfg = Release|Any CPU
		{03BEDB4E-435C-4735-A8A3-15168A8049AC}.Release|iPhone.Build.0 = Release|Any CPU
		{03BEDB4E-435C-4735-A8A3-15168A8049AC}.Release|iPhoneSimulator.ActiveCfg = Release|Any CPU
		{03BEDB4E-435C-4735-A8A3-15168A8049AC}.Release|iPhoneSimulator.Build.0 = Release|Any CPU
		{03BEDB4E-435C-4735-A8A3-15168A8049AC}.Release|x86.ActiveCfg = Release|Any CPU
		{03BEDB4E-435C-4735-A8A3-15168A8049AC}.Release|x86.Build.0 = Release|Any CPU
		{46E38550-F275-4DC3-9B18-21186FA95112}.Ad-Hoc|Any CPU.ActiveCfg = Release|Any CPU
		{46E38550-F275-4DC3-9B18-21186FA95112}.Ad-Hoc|Any CPU.Build.0 = Release|Any CPU
		{46E38550-F275-4DC3-9B18-21186FA95112}.Ad-Hoc|Any CPU.Deploy.0 = Release|Any CPU
		{46E38550-F275-4DC3-9B18-21186FA95112}.Ad-Hoc|ARM.ActiveCfg = Release|Any CPU
		{46E38550-F275-4DC3-9B18-21186FA95112}.Ad-Hoc|ARM.Build.0 = Release|Any CPU
		{46E38550-F275-4DC3-9B18-21186FA95112}.Ad-Hoc|ARM.Deploy.0 = Release|Any CPU
		{46E38550-F275-4DC3-9B18-21186FA95112}.Ad-Hoc|iPhone.ActiveCfg = Release|Any CPU
		{46E38550-F275-4DC3-9B18-21186FA95112}.Ad-Hoc|iPhone.Build.0 = Release|Any CPU
		{46E38550-F275-4DC3-9B18-21186FA95112}.Ad-Hoc|iPhone.Deploy.0 = Release|Any CPU
		{46E38550-F275-4DC3-9B18-21186FA95112}.Ad-Hoc|iPhoneSimulator.ActiveCfg = Release|Any CPU
		{46E38550-F275-4DC3-9B18-21186FA95112}.Ad-Hoc|iPhoneSimulator.Build.0 = Release|Any CPU
		{46E38550-F275-4DC3-9B18-21186FA95112}.Ad-Hoc|iPhoneSimulator.Deploy.0 = Release|Any CPU
		{46E38550-F275-4DC3-9B18-21186FA95112}.Ad-Hoc|x86.ActiveCfg = Release|Any CPU
		{46E38550-F275-4DC3-9B18-21186FA95112}.Ad-Hoc|x86.Build.0 = Release|Any CPU
		{46E38550-F275-4DC3-9B18-21186FA95112}.Ad-Hoc|x86.Deploy.0 = Release|Any CPU
		{46E38550-F275-4DC3-9B18-21186FA95112}.AppStore|Any CPU.ActiveCfg = Release|Any CPU
		{46E38550-F275-4DC3-9B18-21186FA95112}.AppStore|Any CPU.Build.0 = Release|Any CPU
		{46E38550-F275-4DC3-9B18-21186FA95112}.AppStore|Any CPU.Deploy.0 = Release|Any CPU
		{46E38550-F275-4DC3-9B18-21186FA95112}.AppStore|ARM.ActiveCfg = Release|Any CPU
		{46E38550-F275-4DC3-9B18-21186FA95112}.AppStore|ARM.Build.0 = Release|Any CPU
		{46E38550-F275-4DC3-9B18-21186FA95112}.AppStore|ARM.Deploy.0 = Release|Any CPU
		{46E38550-F275-4DC3-9B18-21186FA95112}.AppStore|iPhone.ActiveCfg = Release|Any CPU
		{46E38550-F275-4DC3-9B18-21186FA95112}.AppStore|iPhone.Build.0 = Release|Any CPU
		{46E38550-F275-4DC3-9B18-21186FA95112}.AppStore|iPhone.Deploy.0 = Release|Any CPU
		{46E38550-F275-4DC3-9B18-21186FA95112}.AppStore|iPhoneSimulator.ActiveCfg = Release|Any CPU
		{46E38550-F275-4DC3-9B18-21186FA95112}.AppStore|iPhoneSimulator.Build.0 = Release|Any CPU
		{46E38550-F275-4DC3-9B18-21186FA95112}.AppStore|iPhoneSimulator.Deploy.0 = Release|Any CPU
		{46E38550-F275-4DC3-9B18-21186FA95112}.AppStore|x86.ActiveCfg = Release|Any CPU
		{46E38550-F275-4DC3-9B18-21186FA95112}.AppStore|x86.Build.0 = Release|Any CPU
		{46E38550-F275-4DC3-9B18-21186FA95112}.AppStore|x86.Deploy.0 = Release|Any CPU
		{46E38550-F275-4DC3-9B18-21186FA95112}.Debug|Any CPU.ActiveCfg = Debug|Any CPU
		{46E38550-F275-4DC3-9B18-21186FA95112}.Debug|Any CPU.Build.0 = Debug|Any CPU
		{46E38550-F275-4DC3-9B18-21186FA95112}.Debug|Any CPU.Deploy.0 = Debug|Any CPU
		{46E38550-F275-4DC3-9B18-21186FA95112}.Debug|ARM.ActiveCfg = Debug|Any CPU
		{46E38550-F275-4DC3-9B18-21186FA95112}.Debug|ARM.Build.0 = Debug|Any CPU
		{46E38550-F275-4DC3-9B18-21186FA95112}.Debug|ARM.Deploy.0 = Debug|Any CPU
		{46E38550-F275-4DC3-9B18-21186FA95112}.Debug|iPhone.ActiveCfg = Debug|Any CPU
		{46E38550-F275-4DC3-9B18-21186FA95112}.Debug|iPhone.Build.0 = Debug|Any CPU
		{46E38550-F275-4DC3-9B18-21186FA95112}.Debug|iPhone.Deploy.0 = Debug|Any CPU
		{46E38550-F275-4DC3-9B18-21186FA95112}.Debug|iPhoneSimulator.ActiveCfg = Debug|Any CPU
		{46E38550-F275-4DC3-9B18-21186FA95112}.Debug|iPhoneSimulator.Build.0 = Debug|Any CPU
		{46E38550-F275-4DC3-9B18-21186FA95112}.Debug|iPhoneSimulator.Deploy.0 = Debug|Any CPU
		{46E38550-F275-4DC3-9B18-21186FA95112}.Debug|x86.ActiveCfg = Debug|Any CPU
		{46E38550-F275-4DC3-9B18-21186FA95112}.Debug|x86.Build.0 = Debug|Any CPU
		{46E38550-F275-4DC3-9B18-21186FA95112}.Debug|x86.Deploy.0 = Debug|Any CPU
		{46E38550-F275-4DC3-9B18-21186FA95112}.Release|Any CPU.ActiveCfg = Release|Any CPU
		{46E38550-F275-4DC3-9B18-21186FA95112}.Release|Any CPU.Build.0 = Release|Any CPU
		{46E38550-F275-4DC3-9B18-21186FA95112}.Release|Any CPU.Deploy.0 = Release|Any CPU
		{46E38550-F275-4DC3-9B18-21186FA95112}.Release|ARM.ActiveCfg = Release|Any CPU
		{46E38550-F275-4DC3-9B18-21186FA95112}.Release|ARM.Build.0 = Release|Any CPU
		{46E38550-F275-4DC3-9B18-21186FA95112}.Release|ARM.Deploy.0 = Release|Any CPU
		{46E38550-F275-4DC3-9B18-21186FA95112}.Release|iPhone.ActiveCfg = Release|Any CPU
		{46E38550-F275-4DC3-9B18-21186FA95112}.Release|iPhone.Build.0 = Release|Any CPU
		{46E38550-F275-4DC3-9B18-21186FA95112}.Release|iPhone.Deploy.0 = Release|Any CPU
		{46E38550-F275-4DC3-9B18-21186FA95112}.Release|iPhoneSimulator.ActiveCfg = Release|Any CPU
		{46E38550-F275-4DC3-9B18-21186FA95112}.Release|iPhoneSimulator.Build.0 = Release|Any CPU
		{46E38550-F275-4DC3-9B18-21186FA95112}.Release|iPhoneSimulator.Deploy.0 = Release|Any CPU
		{46E38550-F275-4DC3-9B18-21186FA95112}.Release|x86.ActiveCfg = Release|Any CPU
		{46E38550-F275-4DC3-9B18-21186FA95112}.Release|x86.Build.0 = Release|Any CPU
		{46E38550-F275-4DC3-9B18-21186FA95112}.Release|x86.Deploy.0 = Release|Any CPU
		{17AAB4B1-0E71-499F-925F-6EF8CB1A3F5A}.Ad-Hoc|Any CPU.ActiveCfg = Release|Any CPU
		{17AAB4B1-0E71-499F-925F-6EF8CB1A3F5A}.Ad-Hoc|Any CPU.Build.0 = Release|Any CPU
		{17AAB4B1-0E71-499F-925F-6EF8CB1A3F5A}.Ad-Hoc|Any CPU.Deploy.0 = Release|Any CPU
		{17AAB4B1-0E71-499F-925F-6EF8CB1A3F5A}.Ad-Hoc|ARM.ActiveCfg = Release|ARM
		{17AAB4B1-0E71-499F-925F-6EF8CB1A3F5A}.Ad-Hoc|ARM.Build.0 = Release|ARM
		{17AAB4B1-0E71-499F-925F-6EF8CB1A3F5A}.Ad-Hoc|ARM.Deploy.0 = Release|ARM
		{17AAB4B1-0E71-499F-925F-6EF8CB1A3F5A}.Ad-Hoc|iPhone.ActiveCfg = Release|Any CPU
		{17AAB4B1-0E71-499F-925F-6EF8CB1A3F5A}.Ad-Hoc|iPhone.Build.0 = Release|Any CPU
		{17AAB4B1-0E71-499F-925F-6EF8CB1A3F5A}.Ad-Hoc|iPhone.Deploy.0 = Release|Any CPU
		{17AAB4B1-0E71-499F-925F-6EF8CB1A3F5A}.Ad-Hoc|iPhoneSimulator.ActiveCfg = Release|Any CPU
		{17AAB4B1-0E71-499F-925F-6EF8CB1A3F5A}.Ad-Hoc|iPhoneSimulator.Build.0 = Release|Any CPU
		{17AAB4B1-0E71-499F-925F-6EF8CB1A3F5A}.Ad-Hoc|iPhoneSimulator.Deploy.0 = Release|Any CPU
		{17AAB4B1-0E71-499F-925F-6EF8CB1A3F5A}.Ad-Hoc|x86.ActiveCfg = Release|x86
		{17AAB4B1-0E71-499F-925F-6EF8CB1A3F5A}.Ad-Hoc|x86.Build.0 = Release|x86
		{17AAB4B1-0E71-499F-925F-6EF8CB1A3F5A}.Ad-Hoc|x86.Deploy.0 = Release|x86
		{17AAB4B1-0E71-499F-925F-6EF8CB1A3F5A}.AppStore|Any CPU.ActiveCfg = Release|Any CPU
		{17AAB4B1-0E71-499F-925F-6EF8CB1A3F5A}.AppStore|Any CPU.Build.0 = Release|Any CPU
		{17AAB4B1-0E71-499F-925F-6EF8CB1A3F5A}.AppStore|Any CPU.Deploy.0 = Release|Any CPU
		{17AAB4B1-0E71-499F-925F-6EF8CB1A3F5A}.AppStore|ARM.ActiveCfg = Release|ARM
		{17AAB4B1-0E71-499F-925F-6EF8CB1A3F5A}.AppStore|ARM.Build.0 = Release|ARM
		{17AAB4B1-0E71-499F-925F-6EF8CB1A3F5A}.AppStore|ARM.Deploy.0 = Release|ARM
		{17AAB4B1-0E71-499F-925F-6EF8CB1A3F5A}.AppStore|iPhone.ActiveCfg = Release|Any CPU
		{17AAB4B1-0E71-499F-925F-6EF8CB1A3F5A}.AppStore|iPhone.Build.0 = Release|Any CPU
		{17AAB4B1-0E71-499F-925F-6EF8CB1A3F5A}.AppStore|iPhone.Deploy.0 = Release|Any CPU
		{17AAB4B1-0E71-499F-925F-6EF8CB1A3F5A}.AppStore|iPhoneSimulator.ActiveCfg = Release|Any CPU
		{17AAB4B1-0E71-499F-925F-6EF8CB1A3F5A}.AppStore|iPhoneSimulator.Build.0 = Release|Any CPU
		{17AAB4B1-0E71-499F-925F-6EF8CB1A3F5A}.AppStore|iPhoneSimulator.Deploy.0 = Release|Any CPU
		{17AAB4B1-0E71-499F-925F-6EF8CB1A3F5A}.AppStore|x86.ActiveCfg = Release|x86
		{17AAB4B1-0E71-499F-925F-6EF8CB1A3F5A}.AppStore|x86.Build.0 = Release|x86
		{17AAB4B1-0E71-499F-925F-6EF8CB1A3F5A}.AppStore|x86.Deploy.0 = Release|x86
		{17AAB4B1-0E71-499F-925F-6EF8CB1A3F5A}.Debug|Any CPU.ActiveCfg = Debug|Any CPU
		{17AAB4B1-0E71-499F-925F-6EF8CB1A3F5A}.Debug|Any CPU.Build.0 = Debug|Any CPU
		{17AAB4B1-0E71-499F-925F-6EF8CB1A3F5A}.Debug|Any CPU.Deploy.0 = Debug|Any CPU
		{17AAB4B1-0E71-499F-925F-6EF8CB1A3F5A}.Debug|ARM.ActiveCfg = Debug|ARM
		{17AAB4B1-0E71-499F-925F-6EF8CB1A3F5A}.Debug|ARM.Build.0 = Debug|ARM
		{17AAB4B1-0E71-499F-925F-6EF8CB1A3F5A}.Debug|ARM.Deploy.0 = Debug|ARM
		{17AAB4B1-0E71-499F-925F-6EF8CB1A3F5A}.Debug|iPhone.ActiveCfg = Debug|x86
		{17AAB4B1-0E71-499F-925F-6EF8CB1A3F5A}.Debug|iPhone.Build.0 = Debug|x86
		{17AAB4B1-0E71-499F-925F-6EF8CB1A3F5A}.Debug|iPhone.Deploy.0 = Debug|x86
		{17AAB4B1-0E71-499F-925F-6EF8CB1A3F5A}.Debug|iPhoneSimulator.ActiveCfg = Debug|x86
		{17AAB4B1-0E71-499F-925F-6EF8CB1A3F5A}.Debug|iPhoneSimulator.Build.0 = Debug|x86
		{17AAB4B1-0E71-499F-925F-6EF8CB1A3F5A}.Debug|iPhoneSimulator.Deploy.0 = Debug|x86
		{17AAB4B1-0E71-499F-925F-6EF8CB1A3F5A}.Debug|x86.ActiveCfg = Debug|x86
		{17AAB4B1-0E71-499F-925F-6EF8CB1A3F5A}.Debug|x86.Build.0 = Debug|x86
		{17AAB4B1-0E71-499F-925F-6EF8CB1A3F5A}.Debug|x86.Deploy.0 = Debug|x86
		{17AAB4B1-0E71-499F-925F-6EF8CB1A3F5A}.Release|Any CPU.ActiveCfg = Release|Any CPU
		{17AAB4B1-0E71-499F-925F-6EF8CB1A3F5A}.Release|Any CPU.Build.0 = Release|Any CPU
		{17AAB4B1-0E71-499F-925F-6EF8CB1A3F5A}.Release|Any CPU.Deploy.0 = Release|Any CPU
		{17AAB4B1-0E71-499F-925F-6EF8CB1A3F5A}.Release|ARM.ActiveCfg = Release|ARM
		{17AAB4B1-0E71-499F-925F-6EF8CB1A3F5A}.Release|ARM.Build.0 = Release|ARM
		{17AAB4B1-0E71-499F-925F-6EF8CB1A3F5A}.Release|ARM.Deploy.0 = Release|ARM
		{17AAB4B1-0E71-499F-925F-6EF8CB1A3F5A}.Release|iPhone.ActiveCfg = Release|Any CPU
		{17AAB4B1-0E71-499F-925F-6EF8CB1A3F5A}.Release|iPhone.Build.0 = Release|Any CPU
		{17AAB4B1-0E71-499F-925F-6EF8CB1A3F5A}.Release|iPhone.Deploy.0 = Release|Any CPU
		{17AAB4B1-0E71-499F-925F-6EF8CB1A3F5A}.Release|iPhoneSimulator.ActiveCfg = Release|Any CPU
		{17AAB4B1-0E71-499F-925F-6EF8CB1A3F5A}.Release|iPhoneSimulator.Build.0 = Release|Any CPU
		{17AAB4B1-0E71-499F-925F-6EF8CB1A3F5A}.Release|iPhoneSimulator.Deploy.0 = Release|Any CPU
		{17AAB4B1-0E71-499F-925F-6EF8CB1A3F5A}.Release|x86.ActiveCfg = Release|x86
		{17AAB4B1-0E71-499F-925F-6EF8CB1A3F5A}.Release|x86.Build.0 = Release|x86
		{17AAB4B1-0E71-499F-925F-6EF8CB1A3F5A}.Release|x86.Deploy.0 = Release|x86
	EndGlobalSection
	GlobalSection(SolutionProperties) = preSolution
		HideSolutionNode = FALSE
	EndGlobalSection
	GlobalSection(ExtensibilityGlobals) = postSolution
		SolutionGuid = {564D8CF6-5F59-4090-B7E4-5F161F214372}
	EndGlobalSection
	GlobalSection(MonoDevelopProperties) = preSolution
		version = 1.0.8.1
		Policies = $0
		$0.DotNetNamingPolicy = $1
	EndGlobalSection
EndGlobal
